
Microsoft Visual Studio Solution File, Format Version 12.00
# Visual Studio Version 17
VisualStudioVersion = 17.5.2.0
MinimumVisualStudioVersion = 10.0.40219.1
Project("{2150E333-8FDC-42A3-9474-1A3956D46DE8}") = "src", "src", "{827E0CD3-B72D-47B6-A68D-7590B98EB39B}"
EndProject
Project("{FAE04EC0-301F-11D3-BF4B-00C04F79EFBC}") = "CopilotBooster", "src\CopilotBooster.csproj", "{75DD1060-D8AC-FB57-F1B7-6624E9AABDE7}"
EndProject
Project("{2150E333-8FDC-42A3-9474-1A3956D46DE8}") = "tests", "tests", "{0AB3BF05-4346-4AA6-1389-037BE0695223}"
EndProject
Project("{FAE04EC0-301F-11D3-BF4B-00C04F79EFBC}") = "CopilotBooster.Tests", "tests\CopilotBooster.Tests.csproj", "{00F5BB99-0803-4F0D-B92E-D421C5182DE2}"
EndProject
Global
	GlobalSection(SolutionConfigurationPlatforms) = preSolution
		Debug|Any CPU = Debug|Any CPU
		Debug|x64 = Debug|x64
		Debug|x86 = Debug|x86
		Release|Any CPU = Release|Any CPU
		Release|x64 = Release|x64
		Release|x86 = Release|x86
	EndGlobalSection
	GlobalSection(ProjectConfigurationPlatforms) = postSolution
		{75DD1060-D8AC-FB57-F1B7-6624E9AABDE7}.Debug|Any CPU.ActiveCfg = Debug|Any CPU
		{75DD1060-D8AC-FB57-F1B7-6624E9AABDE7}.Debug|Any CPU.Build.0 = Debug|Any CPU
		{75DD1060-D8AC-FB57-F1B7-6624E9AABDE7}.Debug|x64.ActiveCfg = Debug|Any CPU
		{75DD1060-D8AC-FB57-F1B7-6624E9AABDE7}.Debug|x64.Build.0 = Debug|Any CPU
		{75DD1060-D8AC-FB57-F1B7-6624E9AABDE7}.Debug|x86.ActiveCfg = Debug|Any CPU
		{75DD1060-D8AC-FB57-F1B7-6624E9AABDE7}.Debug|x86.Build.0 = Debug|Any CPU
		{75DD1060-D8AC-FB57-F1B7-6624E9AABDE7}.Release|Any CPU.ActiveCfg = Release|Any CPU
		{75DD1060-D8AC-FB57-F1B7-6624E9AABDE7}.Release|Any CPU.Build.0 = Release|Any CPU
		{75DD1060-D8AC-FB57-F1B7-6624E9AABDE7}.Release|x64.ActiveCfg = Release|Any CPU
		{75DD1060-D8AC-FB57-F1B7-6624E9AABDE7}.Release|x64.Build.0 = Release|Any CPU
		{75DD1060-D8AC-FB57-F1B7-6624E9AABDE7}.Release|x86.ActiveCfg = Release|Any CPU
		{75DD1060-D8AC-FB57-F1B7-6624E9AABDE7}.Release|x86.Build.0 = Release|Any CPU
		{00F5BB99-0803-4F0D-B92E-D421C5182DE2}.Debug|Any CPU.ActiveCfg = Debug|Any CPU
		{00F5BB99-0803-4F0D-B92E-D421C5182DE2}.Debug|Any CPU.Build.0 = Debug|Any CPU
		{00F5BB99-0803-4F0D-B92E-D421C5182DE2}.Debug|x64.ActiveCfg = Debug|Any CPU
		{00F5BB99-0803-4F0D-B92E-D421C5182DE2}.Debug|x64.Build.0 = Debug|Any CPU
		{00F5BB99-0803-4F0D-B92E-D421C5182DE2}.Debug|x86.ActiveCfg = Debug|Any CPU
		{00F5BB99-0803-4F0D-B92E-D421C5182DE2}.Debug|x86.Build.0 = Debug|Any CPU
		{00F5BB99-0803-4F0D-B92E-D421C5182DE2}.Release|Any CPU.ActiveCfg = Release|Any CPU
		{00F5BB99-0803-4F0D-B92E-D421C5182DE2}.Release|Any CPU.Build.0 = Release|Any CPU
		{00F5BB99-0803-4F0D-B92E-D421C5182DE2}.Release|x64.ActiveCfg = Release|Any CPU
		{00F5BB99-0803-4F0D-B92E-D421C5182DE2}.Release|x64.Build.0 = Release|Any CPU
		{00F5BB99-0803-4F0D-B92E-D421C5182DE2}.Release|x86.ActiveCfg = Release|Any CPU
		{00F5BB99-0803-4F0D-B92E-D421C5182DE2}.Release|x86.Build.0 = Release|Any CPU
	EndGlobalSection
	GlobalSection(SolutionProperties) = preSolution
		HideSolutionNode = FALSE
	EndGlobalSection
	GlobalSection(NestedProjects) = preSolution
		{75DD1060-D8AC-FB57-F1B7-6624E9AABDE7} = {827E0CD3-B72D-47B6-A68D-7590B98EB39B}
		{00F5BB99-0803-4F0D-B92E-D421C5182DE2} = {0AB3BF05-4346-4AA6-1389-037BE0695223}
	EndGlobalSection
	GlobalSection(ExtensibilityGlobals) = postSolution
		SolutionGuid = {63CF3689-D875-42E4-B63E-596C41A04A8E}
	EndGlobalSection
EndGlobal
